
Microsoft Visual Studio Solution File, Format Version 12.00
# Visual Studio 14
VisualStudioVersion = 14.0.25420.1
MinimumVisualStudioVersion = 10.0.40219.1
Project("{8BC9CEB8-8B4A-11D0-8D11-00A0C91BC942}") = "glEX", "glEX\glEX.vcxproj", "{DE7DA599-116C-4B95-A33A-4AFC51673310}"
EndProject
Project("{8BC9CEB8-8B4A-11D0-8D11-00A0C91BC942}") = "5.5", "5.5\5.5.vcxproj", "{0C121CAA-4F28-491F-B692-77442326C2AC}"
EndProject
Project("{8BC9CEB8-8B4A-11D0-8D11-00A0C91BC942}") = "5.6", "5.6\5.6.vcxproj", "{D628566A-E1FC-490C-9C77-6A2B535C7B96}"
EndProject
Project("{8BC9CEB8-8B4A-11D0-8D11-00A0C91BC942}") = "5.7", "5.7\5.7.vcxproj", "{0F7FA549-2E27-41AD-97D6-01B9A176D422}"
EndProject
Project("{8BC9CEB8-8B4A-11D0-8D11-00A0C91BC942}") = "5.8", "5.8\5.8.vcxproj", "{E4E73659-6B70-4DFB-9EB3-C6D715AC376F}"
EndProject
Project("{8BC9CEB8-8B4A-11D0-8D11-00A0C91BC942}") = "5.9", "5.9\5.9.vcxproj", "{A4FF27ED-4161-4158-AA8A-79788D3DB9EB}"
EndProject
Project("{8BC9CEB8-8B4A-11D0-8D11-00A0C91BC942}") = "5.10", "5.10\5.10.vcxproj", "{6DF08625-52A7-47AB-9CA7-76CD27C84D89}"
EndProject
Project("{8BC9CEB8-8B4A-11D0-8D11-00A0C91BC942}") = "5.11", "5.11\5.11.vcxproj", "{3C19B4C2-F1E9-4F09-898D-02CFFAC14086}"
EndProject
Project("{8BC9CEB8-8B4A-11D0-8D11-00A0C91BC942}") = "5.12", "5.12\5.12.vcxproj", "{145C57E7-786E-4BEB-A968-042DC740B9E4}"
EndProject
Project("{8BC9CEB8-8B4A-11D0-8D11-00A0C91BC942}") = "5.13", "5.13\5.13.vcxproj", "{0A22DE9E-224E-4428-BD21-2DCC9D916DB3}"
EndProject
Project("{8BC9CEB8-8B4A-11D0-8D11-00A0C91BC942}") = "5.14", "5.14\5.14.vcxproj", "{2D80F3E0-8B6F-41BC-A802-7902EBCEB82B}"
EndProject
Project("{8BC9CEB8-8B4A-11D0-8D11-00A0C91BC942}") = "과제", "과제\과제.vcxproj", "{729F48EA-D4C1-4BAA-80DE-A977BD9338EA}"
EndProject
Project("{8BC9CEB8-8B4A-11D0-8D11-00A0C91BC942}") = "6.3", "6.3\6.3.vcxproj", "{6FB930BA-A3FF-4119-BA01-B01B629E2DC0}"
EndProject
Project("{8BC9CEB8-8B4A-11D0-8D11-00A0C91BC942}") = "6.3-2", "6.3-2\6.3-2.vcxproj", "{4346BBEA-64BF-4311-9570-A0B7F88DD7E4}"
EndProject
Project("{8BC9CEB8-8B4A-11D0-8D11-00A0C91BC942}") = "6.6", "6.6\6.6.vcxproj", "{37442EB0-32FE-4B50-BAC3-841D80F09A32}"
EndProject
Project("{8BC9CEB8-8B4A-11D0-8D11-00A0C91BC942}") = "6.6-2", "6.6-2\6.6-2.vcxproj", "{D1EDC5A8-FBE0-4616-BFE8-010B25AB13AD}"
EndProject
Project("{8BC9CEB8-8B4A-11D0-8D11-00A0C91BC942}") = "6-8", "6-8\6-8.vcxproj", "{44CCF6B5-7CDA-473F-B5FC-E35D85860751}"
EndProject
Project("{8BC9CEB8-8B4A-11D0-8D11-00A0C91BC942}") = "practice", "practice\practice.vcxproj", "{181795B3-AA69-480D-8863-457F2643985D}"
EndProject
Project("{8BC9CEB8-8B4A-11D0-8D11-00A0C91BC942}") = "prac2", "prac2\prac2.vcxproj", "{706BC94A-1BD8-4D4B-B4D0-F064266F7B4D}"
EndProject
Project("{8BC9CEB8-8B4A-11D0-8D11-00A0C91BC942}") = "pracMouse", "pracMouse\pracMouse.vcxproj", "{736856BD-FD6D-4413-8D54-E10F4A60943B}"
EndProject
Project("{8BC9CEB8-8B4A-11D0-8D11-00A0C91BC942}") = "review", "review\review.vcxproj", "{62D17633-CC9F-4CB3-AF32-E06A721983E3}"
EndProject
Global
	GlobalSection(SolutionConfigurationPlatforms) = preSolution
		Debug|x64 = Debug|x64
		Debug|x86 = Debug|x86
		Release|x64 = Release|x64
		Release|x86 = Release|x86
	EndGlobalSection
	GlobalSection(ProjectConfigurationPlatforms) = postSolution
		{DE7DA599-116C-4B95-A33A-4AFC51673310}.Debug|x64.ActiveCfg = Debug|x64
		{DE7DA599-116C-4B95-A33A-4AFC51673310}.Debug|x64.Build.0 = Debug|x64
		{DE7DA599-116C-4B95-A33A-4AFC51673310}.Debug|x86.ActiveCfg = Debug|Win32
		{DE7DA599-116C-4B95-A33A-4AFC51673310}.Debug|x86.Build.0 = Debug|Win32
		{DE7DA599-116C-4B95-A33A-4AFC51673310}.Release|x64.ActiveCfg = Release|x64
		{DE7DA599-116C-4B95-A33A-4AFC51673310}.Release|x64.Build.0 = Release|x64
		{DE7DA599-116C-4B95-A33A-4AFC51673310}.Release|x86.ActiveCfg = Release|Win32
		{DE7DA599-116C-4B95-A33A-4AFC51673310}.Release|x86.Build.0 = Release|Win32
		{0C121CAA-4F28-491F-B692-77442326C2AC}.Debug|x64.ActiveCfg = Debug|x64
		{0C121CAA-4F28-491F-B692-77442326C2AC}.Debug|x64.Build.0 = Debug|x64
		{0C121CAA-4F28-491F-B692-77442326C2AC}.Debug|x86.ActiveCfg = Debug|Win32
		{0C121CAA-4F28-491F-B692-77442326C2AC}.Debug|x86.Build.0 = Debug|Win32
		{0C121CAA-4F28-491F-B692-77442326C2AC}.Release|x64.ActiveCfg = Release|x64
		{0C121CAA-4F28-491F-B692-77442326C2AC}.Release|x64.Build.0 = Release|x64
		{0C121CAA-4F28-491F-B692-77442326C2AC}.Release|x86.ActiveCfg = Release|Win32
		{0C121CAA-4F28-491F-B692-77442326C2AC}.Release|x86.Build.0 = Release|Win32
		{D628566A-E1FC-490C-9C77-6A2B535C7B96}.Debug|x64.ActiveCfg = Debug|x64
		{D628566A-E1FC-490C-9C77-6A2B535C7B96}.Debug|x64.Build.0 = Debug|x64
		{D628566A-E1FC-490C-9C77-6A2B535C7B96}.Debug|x86.ActiveCfg = Debug|Win32
		{D628566A-E1FC-490C-9C77-6A2B535C7B96}.Debug|x86.Build.0 = Debug|Win32
		{D628566A-E1FC-490C-9C77-6A2B535C7B96}.Release|x64.ActiveCfg = Release|x64
		{D628566A-E1FC-490C-9C77-6A2B535C7B96}.Release|x64.Build.0 = Release|x64
		{D628566A-E1FC-490C-9C77-6A2B535C7B96}.Release|x86.ActiveCfg = Release|Win32
		{D628566A-E1FC-490C-9C77-6A2B535C7B96}.Release|x86.Build.0 = Release|Win32
		{0F7FA549-2E27-41AD-97D6-01B9A176D422}.Debug|x64.ActiveCfg = Debug|x64
		{0F7FA549-2E27-41AD-97D6-01B9A176D422}.Debug|x64.Build.0 = Debug|x64
		{0F7FA549-2E27-41AD-97D6-01B9A176D422}.Debug|x86.ActiveCfg = Debug|Win32
		{0F7FA549-2E27-41AD-97D6-01B9A176D422}.Debug|x86.Build.0 = Debug|Win32
		{0F7FA549-2E27-41AD-97D6-01B9A176D422}.Release|x64.ActiveCfg = Release|x64
		{0F7FA549-2E27-41AD-97D6-01B9A176D422}.Release|x64.Build.0 = Release|x64
		{0F7FA549-2E27-41AD-97D6-01B9A176D422}.Release|x86.ActiveCfg = Release|Win32
		{0F7FA549-2E27-41AD-97D6-01B9A176D422}.Release|x86.Build.0 = Release|Win32
		{E4E73659-6B70-4DFB-9EB3-C6D715AC376F}.Debug|x64.ActiveCfg = Debug|x64
		{E4E73659-6B70-4DFB-9EB3-C6D715AC376F}.Debug|x64.Build.0 = Debug|x64
		{E4E73659-6B70-4DFB-9EB3-C6D715AC376F}.Debug|x86.ActiveCfg = Debug|Win32
		{E4E73659-6B70-4DFB-9EB3-C6D715AC376F}.Debug|x86.Build.0 = Debug|Win32
		{E4E73659-6B70-4DFB-9EB3-C6D715AC376F}.Release|x64.ActiveCfg = Release|x64
		{E4E73659-6B70-4DFB-9EB3-C6D715AC376F}.Release|x64.Build.0 = Release|x64
		{E4E73659-6B70-4DFB-9EB3-C6D715AC376F}.Release|x86.ActiveCfg = Release|Win32
		{E4E73659-6B70-4DFB-9EB3-C6D715AC376F}.Release|x86.Build.0 = Release|Win32
		{A4FF27ED-4161-4158-AA8A-79788D3DB9EB}.Debug|x64.ActiveCfg = Debug|x64
		{A4FF27ED-4161-4158-AA8A-79788D3DB9EB}.Debug|x64.Build.0 = Debug|x64
		{A4FF27ED-4161-4158-AA8A-79788D3DB9EB}.Debug|x86.ActiveCfg = Debug|Win32
		{A4FF27ED-4161-4158-AA8A-79788D3DB9EB}.Debug|x86.Build.0 = Debug|Win32
		{A4FF27ED-4161-4158-AA8A-79788D3DB9EB}.Release|x64.ActiveCfg = Release|x64
		{A4FF27ED-4161-4158-AA8A-79788D3DB9EB}.Release|x64.Build.0 = Release|x64
		{A4FF27ED-4161-4158-AA8A-79788D3DB9EB}.Release|x86.ActiveCfg = Release|Win32
		{A4FF27ED-4161-4158-AA8A-79788D3DB9EB}.Release|x86.Build.0 = Release|Win32
		{6DF08625-52A7-47AB-9CA7-76CD27C84D89}.Debug|x64.ActiveCfg = Debug|x64
		{6DF08625-52A7-47AB-9CA7-76CD27C84D89}.Debug|x64.Build.0 = Debug|x64
		{6DF08625-52A7-47AB-9CA7-76CD27C84D89}.Debug|x86.ActiveCfg = Debug|Win32
		{6DF08625-52A7-47AB-9CA7-76CD27C84D89}.Debug|x86.Build.0 = Debug|Win32
		{6DF08625-52A7-47AB-9CA7-76CD27C84D89}.Release|x64.ActiveCfg = Release|x64
		{6DF08625-52A7-47AB-9CA7-76CD27C84D89}.Release|x64.Build.0 = Release|x64
		{6DF08625-52A7-47AB-9CA7-76CD27C84D89}.Release|x86.ActiveCfg = Release|Win32
		{6DF08625-52A7-47AB-9CA7-76CD27C84D89}.Release|x86.Build.0 = Release|Win32
		{3C19B4C2-F1E9-4F09-898D-02CFFAC14086}.Debug|x64.ActiveCfg = Debug|x64
		{3C19B4C2-F1E9-4F09-898D-02CFFAC14086}.Debug|x64.Build.0 = Debug|x64
		{3C19B4C2-F1E9-4F09-898D-02CFFAC14086}.Debug|x86.ActiveCfg = Debug|Win32
		{3C19B4C2-F1E9-4F09-898D-02CFFAC14086}.Debug|x86.Build.0 = Debug|Win32
		{3C19B4C2-F1E9-4F09-898D-02CFFAC14086}.Release|x64.ActiveCfg = Release|x64
		{3C19B4C2-F1E9-4F09-898D-02CFFAC14086}.Release|x64.Build.0 = Release|x64
		{3C19B4C2-F1E9-4F09-898D-02CFFAC14086}.Release|x86.ActiveCfg = Release|Win32
		{3C19B4C2-F1E9-4F09-898D-02CFFAC14086}.Release|x86.Build.0 = Release|Win32
		{145C57E7-786E-4BEB-A968-042DC740B9E4}.Debug|x64.ActiveCfg = Debug|x64
		{145C57E7-786E-4BEB-A968-042DC740B9E4}.Debug|x64.Build.0 = Debug|x64
		{145C57E7-786E-4BEB-A968-042DC740B9E4}.Debug|x86.ActiveCfg = Debug|Win32
		{145C57E7-786E-4BEB-A968-042DC740B9E4}.Debug|x86.Build.0 = Debug|Win32
		{145C57E7-786E-4BEB-A968-042DC740B9E4}.Release|x64.ActiveCfg = Release|x64
		{145C57E7-786E-4BEB-A968-042DC740B9E4}.Release|x64.Build.0 = Release|x64
		{145C57E7-786E-4BEB-A968-042DC740B9E4}.Release|x86.ActiveCfg = Release|Win32
		{145C57E7-786E-4BEB-A968-042DC740B9E4}.Release|x86.Build.0 = Release|Win32
		{0A22DE9E-224E-4428-BD21-2DCC9D916DB3}.Debug|x64.ActiveCfg = Debug|x64
		{0A22DE9E-224E-4428-BD21-2DCC9D916DB3}.Debug|x64.Build.0 = Debug|x64
		{0A22DE9E-224E-4428-BD21-2DCC9D916DB3}.Debug|x86.ActiveCfg = Debug|Win32
		{0A22DE9E-224E-4428-BD21-2DCC9D916DB3}.Debug|x86.Build.0 = Debug|Win32
		{0A22DE9E-224E-4428-BD21-2DCC9D916DB3}.Release|x64.ActiveCfg = Release|x64
		{0A22DE9E-224E-4428-BD21-2DCC9D916DB3}.Release|x64.Build.0 = Release|x64
		{0A22DE9E-224E-4428-BD21-2DCC9D916DB3}.Release|x86.ActiveCfg = Release|Win32
		{0A22DE9E-224E-4428-BD21-2DCC9D916DB3}.Release|x86.Build.0 = Release|Win32
		{2D80F3E0-8B6F-41BC-A802-7902EBCEB82B}.Debug|x64.ActiveCfg = Debug|x64
		{2D80F3E0-8B6F-41BC-A802-7902EBCEB82B}.Debug|x64.Build.0 = Debug|x64
		{2D80F3E0-8B6F-41BC-A802-7902EBCEB82B}.Debug|x86.ActiveCfg = Debug|Win32
		{2D80F3E0-8B6F-41BC-A802-7902EBCEB82B}.Debug|x86.Build.0 = Debug|Win32
		{2D80F3E0-8B6F-41BC-A802-7902EBCEB82B}.Release|x64.ActiveCfg = Release|x64
		{2D80F3E0-8B6F-41BC-A802-7902EBCEB82B}.Release|x64.Build.0 = Release|x64
		{2D80F3E0-8B6F-41BC-A802-7902EBCEB82B}.Release|x86.ActiveCfg = Release|Win32
		{2D80F3E0-8B6F-41BC-A802-7902EBCEB82B}.Release|x86.Build.0 = Release|Win32
		{729F48EA-D4C1-4BAA-80DE-A977BD9338EA}.Debug|x64.ActiveCfg = Debug|x64
		{729F48EA-D4C1-4BAA-80DE-A977BD9338EA}.Debug|x64.Build.0 = Debug|x64
		{729F48EA-D4C1-4BAA-80DE-A977BD9338EA}.Debug|x86.ActiveCfg = Debug|Win32
		{729F48EA-D4C1-4BAA-80DE-A977BD9338EA}.Debug|x86.Build.0 = Debug|Win32
		{729F48EA-D4C1-4BAA-80DE-A977BD9338EA}.Release|x64.ActiveCfg = Release|x64
		{729F48EA-D4C1-4BAA-80DE-A977BD9338EA}.Release|x64.Build.0 = Release|x64
		{729F48EA-D4C1-4BAA-80DE-A977BD9338EA}.Release|x86.ActiveCfg = Release|Win32
		{729F48EA-D4C1-4BAA-80DE-A977BD9338EA}.Release|x86.Build.0 = Release|Win32
		{6FB930BA-A3FF-4119-BA01-B01B629E2DC0}.Debug|x64.ActiveCfg = Debug|x64
		{6FB930BA-A3FF-4119-BA01-B01B629E2DC0}.Debug|x64.Build.0 = Debug|x64
		{6FB930BA-A3FF-4119-BA01-B01B629E2DC0}.Debug|x86.ActiveCfg = Debug|Win32
		{6FB930BA-A3FF-4119-BA01-B01B629E2DC0}.Debug|x86.Build.0 = Debug|Win32
		{6FB930BA-A3FF-4119-BA01-B01B629E2DC0}.Release|x64.ActiveCfg = Release|x64
		{6FB930BA-A3FF-4119-BA01-B01B629E2DC0}.Release|x64.Build.0 = Release|x64
		{6FB930BA-A3FF-4119-BA01-B01B629E2DC0}.Release|x86.ActiveCfg = Release|Win32
		{6FB930BA-A3FF-4119-BA01-B01B629E2DC0}.Release|x86.Build.0 = Release|Win32
		{4346BBEA-64BF-4311-9570-A0B7F88DD7E4}.Debug|x64.ActiveCfg = Debug|x64
		{4346BBEA-64BF-4311-9570-A0B7F88DD7E4}.Debug|x64.Build.0 = Debug|x64
		{4346BBEA-64BF-4311-9570-A0B7F88DD7E4}.Debug|x86.ActiveCfg = Debug|Win32
		{4346BBEA-64BF-4311-9570-A0B7F88DD7E4}.Debug|x86.Build.0 = Debug|Win32
		{4346BBEA-64BF-4311-9570-A0B7F88DD7E4}.Release|x64.ActiveCfg = Release|x64
		{4346BBEA-64BF-4311-9570-A0B7F88DD7E4}.Release|x64.Build.0 = Release|x64
		{4346BBEA-64BF-4311-9570-A0B7F88DD7E4}.Release|x86.ActiveCfg = Release|Win32
		{4346BBEA-64BF-4311-9570-A0B7F88DD7E4}.Release|x86.Build.0 = Release|Win32
		{37442EB0-32FE-4B50-BAC3-841D80F09A32}.Debug|x64.ActiveCfg = Debug|x64
		{37442EB0-32FE-4B50-BAC3-841D80F09A32}.Debug|x64.Build.0 = Debug|x64
		{37442EB0-32FE-4B50-BAC3-841D80F09A32}.Debug|x86.ActiveCfg = Debug|Win32
		{37442EB0-32FE-4B50-BAC3-841D80F09A32}.Debug|x86.Build.0 = Debug|Win32
		{37442EB0-32FE-4B50-BAC3-841D80F09A32}.Release|x64.ActiveCfg = Release|x64
		{37442EB0-32FE-4B50-BAC3-841D80F09A32}.Release|x64.Build.0 = Release|x64
		{37442EB0-32FE-4B50-BAC3-841D80F09A32}.Release|x86.ActiveCfg = Release|Win32
		{37442EB0-32FE-4B50-BAC3-841D80F09A32}.Release|x86.Build.0 = Release|Win32
		{D1EDC5A8-FBE0-4616-BFE8-010B25AB13AD}.Debug|x64.ActiveCfg = Debug|x64
		{D1EDC5A8-FBE0-4616-BFE8-010B25AB13AD}.Debug|x64.Build.0 = Debug|x64
		{D1EDC5A8-FBE0-4616-BFE8-010B25AB13AD}.Debug|x86.ActiveCfg = Debug|Win32
		{D1EDC5A8-FBE0-4616-BFE8-010B25AB13AD}.Debug|x86.Build.0 = Debug|Win32
		{D1EDC5A8-FBE0-4616-BFE8-010B25AB13AD}.Release|x64.ActiveCfg = Release|x64
		{D1EDC5A8-FBE0-4616-BFE8-010B25AB13AD}.Release|x64.Build.0 = Release|x64
		{D1EDC5A8-FBE0-4616-BFE8-010B25AB13AD}.Release|x86.ActiveCfg = Release|Win32
		{D1EDC5A8-FBE0-4616-BFE8-010B25AB13AD}.Release|x86.Build.0 = Release|Win32
		{44CCF6B5-7CDA-473F-B5FC-E35D85860751}.Debug|x64.ActiveCfg = Debug|x64
		{44CCF6B5-7CDA-473F-B5FC-E35D85860751}.Debug|x64.Build.0 = Debug|x64
		{44CCF6B5-7CDA-473F-B5FC-E35D85860751}.Debug|x86.ActiveCfg = Debug|Win32
		{44CCF6B5-7CDA-473F-B5FC-E35D85860751}.Debug|x86.Build.0 = Debug|Win32
		{44CCF6B5-7CDA-473F-B5FC-E35D85860751}.Release|x64.ActiveCfg = Release|x64
		{44CCF6B5-7CDA-473F-B5FC-E35D85860751}.Release|x64.Build.0 = Release|x64
		{44CCF6B5-7CDA-473F-B5FC-E35D85860751}.Release|x86.ActiveCfg = Release|Win32
		{44CCF6B5-7CDA-473F-B5FC-E35D85860751}.Release|x86.Build.0 = Release|Win32
		{181795B3-AA69-480D-8863-457F2643985D}.Debug|x64.ActiveCfg = Debug|x64
		{181795B3-AA69-480D-8863-457F2643985D}.Debug|x64.Build.0 = Debug|x64
		{181795B3-AA69-480D-8863-457F2643985D}.Debug|x86.ActiveCfg = Debug|Win32
		{181795B3-AA69-480D-8863-457F2643985D}.Debug|x86.Build.0 = Debug|Win32
		{181795B3-AA69-480D-8863-457F2643985D}.Release|x64.ActiveCfg = Release|x64
		{181795B3-AA69-480D-8863-457F2643985D}.Release|x64.Build.0 = Release|x64
		{181795B3-AA69-480D-8863-457F2643985D}.Release|x86.ActiveCfg = Release|Win32
		{181795B3-AA69-480D-8863-457F2643985D}.Release|x86.Build.0 = Release|Win32
		{706BC94A-1BD8-4D4B-B4D0-F064266F7B4D}.Debug|x64.ActiveCfg = Debug|x64
		{706BC94A-1BD8-4D4B-B4D0-F064266F7B4D}.Debug|x64.Build.0 = Debug|x64
		{706BC94A-1BD8-4D4B-B4D0-F064266F7B4D}.Debug|x86.ActiveCfg = Debug|Win32
		{706BC94A-1BD8-4D4B-B4D0-F064266F7B4D}.Debug|x86.Build.0 = Debug|Win32
		{706BC94A-1BD8-4D4B-B4D0-F064266F7B4D}.Release|x64.ActiveCfg = Release|x64
		{706BC94A-1BD8-4D4B-B4D0-F064266F7B4D}.Release|x64.Build.0 = Release|x64
		{706BC94A-1BD8-4D4B-B4D0-F064266F7B4D}.Release|x86.ActiveCfg = Release|Win32
		{706BC94A-1BD8-4D4B-B4D0-F064266F7B4D}.Release|x86.Build.0 = Release|Win32
		{736856BD-FD6D-4413-8D54-E10F4A60943B}.Debug|x64.ActiveCfg = Debug|x64
		{736856BD-FD6D-4413-8D54-E10F4A60943B}.Debug|x64.Build.0 = Debug|x64
		{736856BD-FD6D-4413-8D54-E10F4A60943B}.Debug|x86.ActiveCfg = Debug|Win32
		{736856BD-FD6D-4413-8D54-E10F4A60943B}.Debug|x86.Build.0 = Debug|Win32
		{736856BD-FD6D-4413-8D54-E10F4A60943B}.Release|x64.ActiveCfg = Release|x64
		{736856BD-FD6D-4413-8D54-E10F4A60943B}.Release|x64.Build.0 = Release|x64
		{736856BD-FD6D-4413-8D54-E10F4A60943B}.Release|x86.ActiveCfg = Release|Win32
		{736856BD-FD6D-4413-8D54-E10F4A60943B}.Release|x86.Build.0 = Release|Win32
		{62D17633-CC9F-4CB3-AF32-E06A721983E3}.Debug|x64.ActiveCfg = Debug|x64
		{62D17633-CC9F-4CB3-AF32-E06A721983E3}.Debug|x64.Build.0 = Debug|x64
		{62D17633-CC9F-4CB3-AF32-E06A721983E3}.Debug|x86.ActiveCfg = Debug|Win32
		{62D17633-CC9F-4CB3-AF32-E06A721983E3}.Debug|x86.Build.0 = Debug|Win32
		{62D17633-CC9F-4CB3-AF32-E06A721983E3}.Release|x64.ActiveCfg = Release|x64
		{62D17633-CC9F-4CB3-AF32-E06A721983E3}.Release|x64.Build.0 = Release|x64
		{62D17633-CC9F-4CB3-AF32-E06A721983E3}.Release|x86.ActiveCfg = Release|Win32
		{62D17633-CC9F-4CB3-AF32-E06A721983E3}.Release|x86.Build.0 = Release|Win32
	EndGlobalSection
	GlobalSection(SolutionProperties) = preSolution
		HideSolutionNode = FALSE
	EndGlobalSection
EndGlobal
